{
    "name": "node-l2",
    "version": "1.0.0",
    "lockfileVersion": 2,
    "requires": true,
    "packages": {
        "": {
            "name": "node-l2",
            "version": "1.0.0",
            "dependencies": {
                "@xan105/ini": "^1.0.1",
                "mariadb": "^3.0.0",
                "sql-query-generator": "^1.4.2"
            }
        },
        "node_modules/@alloc/quick-lru": {
            "version": "5.2.0",
            "resolved": "https://registry.npmjs.org/@alloc/quick-lru/-/quick-lru-5.2.0.tgz",
            "integrity": "sha512-UrcABB+4bUrFABwbluTIBErXwvbsU/V7TZWfmbgJfbkwiBuziS9gxdODUyuiecfdGQ85jglMW6juS3+z5TsKLw==",
            "engines": {
                "node": ">=10"
            },
            "funding": {
                "url": "https://github.com/sponsors/sindresorhus"
            }
        },
        "node_modules/@types/geojson": {
            "version": "7946.0.8",
            "resolved": "https://registry.npmjs.org/@types/geojson/-/geojson-7946.0.8.tgz",
            "integrity": "sha512-1rkryxURpr6aWP7R786/UQOkJ3PcpQiWkAXBmdWc7ryFWqN6a4xfK7BtjXvFBKO9LjQ+MWQSWxYeZX1OApnArA=="
        },
        "node_modules/@types/node": {
            "version": "17.0.24",
            "resolved": "https://registry.npmjs.org/@types/node/-/node-17.0.24.tgz",
            "integrity": "sha512-aveCYRQbgTH9Pssp1voEP7HiuWlD2jW2BO56w+bVrJn04i61yh6mRfoKO6hEYQD9vF+W8Chkwc6j1M36uPkx4g=="
        },
        "node_modules/@xan105/ini": {
            "version": "1.0.1",
            "resolved": "https://registry.npmjs.org/@xan105/ini/-/ini-1.0.1.tgz",
            "integrity": "sha512-W0WxygZDKWxjo7pDwGnnPqMqik//xsgqCNDuRxAlyv1m8zeqhAlK4RZ1uauoM4/meX0PxYrLPXJxU0UZowDI2A==",
            "engines": {
                "node": ">=0.14"
            }
        },
        "node_modules/denque": {
            "version": "2.0.1",
            "resolved": "https://registry.npmjs.org/denque/-/denque-2.0.1.tgz",
            "integrity": "sha512-tfiWc6BQLXNLpNiR5iGd0Ocu3P3VpxfzFiqubLgMfhfOw9WyvgJBd46CClNn9k3qfbjvT//0cf7AlYRX/OslMQ==",
            "engines": {
                "node": ">=0.10"
            }
        },
        "node_modules/iconv-lite": {
            "version": "0.6.3",
            "resolved": "https://registry.npmjs.org/iconv-lite/-/iconv-lite-0.6.3.tgz",
            "integrity": "sha512-4fCk79wshMdzMp2rH06qWrJE4iolqLhCUH+OiuIgU++RB0+94NlDL81atO7GX55uUKueo0txHNtvEyI6D7WdMw==",
            "dependencies": {
                "safer-buffer": ">= 2.1.2 < 3.0.0"
            },
            "engines": {
                "node": ">=0.10.0"
            }
        },
        "node_modules/mariadb": {
            "version": "3.0.0",
            "resolved": "https://registry.npmjs.org/mariadb/-/mariadb-3.0.0.tgz",
            "integrity": "sha512-1uIqD6AWLP5ojMY67XP4+4uRLe9L92HD1ZGU8fidi8cGdYIC+Ghx1JliAtf7lc/tGjOh6J400f/1M4BXVtZFvA==",
            "dependencies": {
                "@alloc/quick-lru": "^5.2.0",
                "@types/geojson": "^7946.0.8",
                "@types/node": "^17.0.10",
                "denque": "^2.0.1",
                "iconv-lite": "^0.6.3",
                "moment-timezone": "^0.5.34",
                "please-upgrade-node": "^3.2.0"
            },
            "engines": {
                "node": ">= 12"
            }
        },
        "node_modules/moment": {
            "version": "2.29.2",
            "resolved": "https://registry.npmjs.org/moment/-/moment-2.29.2.tgz",
            "integrity": "sha512-UgzG4rvxYpN15jgCmVJwac49h9ly9NurikMWGPdVxm8GZD6XjkKPxDTjQQ43gtGgnV3X0cAyWDdP2Wexoquifg==",
            "engines": {
                "node": "*"
            }
        },
        "node_modules/moment-timezone": {
            "version": "0.5.34",
            "resolved": "https://registry.npmjs.org/moment-timezone/-/moment-timezone-0.5.34.tgz",
            "integrity": "sha512-3zAEHh2hKUs3EXLESx/wsgw6IQdusOT8Bxm3D9UrHPQR7zlMmzwybC8zHEM1tQ4LJwP7fcxrWr8tuBg05fFCbg==",
            "dependencies": {
                "moment": ">= 2.9.0"
            },
            "engines": {
                "node": "*"
            }
        },
        "node_modules/please-upgrade-node": {
            "version": "3.2.0",
            "resolved": "https://registry.npmjs.org/please-upgrade-node/-/please-upgrade-node-3.2.0.tgz",
            "integrity": "sha512-gQR3WpIgNIKwBMVLkpMUeR3e1/E1y42bqDQZfql+kDeXd8COYfM8PQA4X6y7a8u9Ua9FHmsrrmirW2vHs45hWg==",
            "dependencies": {
                "semver-compare": "^1.0.0"
            }
        },
        "node_modules/safer-buffer": {
            "version": "2.1.2",
            "resolved": "https://registry.npmjs.org/safer-buffer/-/safer-buffer-2.1.2.tgz",
            "integrity": "sha512-YZo3K82SD7Riyi0E1EQPojLz7kpepnSQI9IyPbHHg1XXXevb5dJI7tpyN2ADxGcQbHG7vcyRHk0cbwqcQriUtg=="
        },
        "node_modules/semver-compare": {
            "version": "1.0.0",
            "resolved": "https://registry.npmjs.org/semver-compare/-/semver-compare-1.0.0.tgz",
            "integrity": "sha1-De4hahyUGrN+nvsXiPavxf9VN/w="
        },
        "node_modules/sql-query-generator": {
            "version": "1.4.2",
            "resolved": "https://registry.npmjs.org/sql-query-generator/-/sql-query-generator-1.4.2.tgz",
            "integrity": "sha512-Kc6MzWgZ+tjLtCrYFQXFLyvWQQsHsJhcNWdWYpHLyw6bBgzR/Yu42zhHRJhz3KtBMJwxIHMwTvvhQ/wYpBd2wA=="
        }
    },
    "dependencies": {
        "@alloc/quick-lru": {
            "version": "5.2.0",
            "resolved": "https://registry.npmjs.org/@alloc/quick-lru/-/quick-lru-5.2.0.tgz",
            "integrity": "sha512-UrcABB+4bUrFABwbluTIBErXwvbsU/V7TZWfmbgJfbkwiBuziS9gxdODUyuiecfdGQ85jglMW6juS3+z5TsKLw=="
        },
        "@types/geojson": {
            "version": "7946.0.8",
            "resolved": "https://registry.npmjs.org/@types/geojson/-/geojson-7946.0.8.tgz",
            "integrity": "sha512-1rkryxURpr6aWP7R786/UQOkJ3PcpQiWkAXBmdWc7ryFWqN6a4xfK7BtjXvFBKO9LjQ+MWQSWxYeZX1OApnArA=="
        },
        "@types/node": {
            "version": "17.0.24",
            "resolved": "https://registry.npmjs.org/@types/node/-/node-17.0.24.tgz",
            "integrity": "sha512-aveCYRQbgTH9Pssp1voEP7HiuWlD2jW2BO56w+bVrJn04i61yh6mRfoKO6hEYQD9vF+W8Chkwc6j1M36uPkx4g=="
        },
        "@xan105/ini": {
            "version": "1.0.1",
            "resolved": "https://registry.npmjs.org/@xan105/ini/-/ini-1.0.1.tgz",
            "integrity": "sha512-W0WxygZDKWxjo7pDwGnnPqMqik//xsgqCNDuRxAlyv1m8zeqhAlK4RZ1uauoM4/meX0PxYrLPXJxU0UZowDI2A=="
        },
        "denque": {
            "version": "2.0.1",
            "resolved": "https://registry.npmjs.org/denque/-/denque-2.0.1.tgz",
            "integrity": "sha512-tfiWc6BQLXNLpNiR5iGd0Ocu3P3VpxfzFiqubLgMfhfOw9WyvgJBd46CClNn9k3qfbjvT//0cf7AlYRX/OslMQ=="
        },
        "iconv-lite": {
            "version": "0.6.3",
            "resolved": "https://registry.npmjs.org/iconv-lite/-/iconv-lite-0.6.3.tgz",
            "integrity": "sha512-4fCk79wshMdzMp2rH06qWrJE4iolqLhCUH+OiuIgU++RB0+94NlDL81atO7GX55uUKueo0txHNtvEyI6D7WdMw==",
            "requires": {
                "safer-buffer": ">= 2.1.2 < 3.0.0"
            }
        },
        "mariadb": {
            "version": "3.0.0",
            "resolved": "https://registry.npmjs.org/mariadb/-/mariadb-3.0.0.tgz",
            "integrity": "sha512-1uIqD6AWLP5ojMY67XP4+4uRLe9L92HD1ZGU8fidi8cGdYIC+Ghx1JliAtf7lc/tGjOh6J400f/1M4BXVtZFvA==",
            "requires": {
                "@alloc/quick-lru": "^5.2.0",
                "@types/geojson": "^7946.0.8",
                "@types/node": "^17.0.10",
                "denque": "^2.0.1",
                "iconv-lite": "^0.6.3",
                "moment-timezone": "^0.5.34",
                "please-upgrade-node": "^3.2.0"
            }
        },
        "moment": {
            "version": "2.29.2",
            "resolved": "https://registry.npmjs.org/moment/-/moment-2.29.2.tgz",
            "integrity": "sha512-UgzG4rvxYpN15jgCmVJwac49h9ly9NurikMWGPdVxm8GZD6XjkKPxDTjQQ43gtGgnV3X0cAyWDdP2Wexoquifg=="
        },
        "moment-timezone": {
            "version": "0.5.34",
            "resolved": "https://registry.npmjs.org/moment-timezone/-/moment-timezone-0.5.34.tgz",
            "integrity": "sha512-3zAEHh2hKUs3EXLESx/wsgw6IQdusOT8Bxm3D9UrHPQR7zlMmzwybC8zHEM1tQ4LJwP7fcxrWr8tuBg05fFCbg==",
            "requires": {
                "moment": ">= 2.9.0"
            }
        },
        "please-upgrade-node": {
            "version": "3.2.0",
            "resolved": "https://registry.npmjs.org/please-upgrade-node/-/please-upgrade-node-3.2.0.tgz",
            "integrity": "sha512-gQR3WpIgNIKwBMVLkpMUeR3e1/E1y42bqDQZfql+kDeXd8COYfM8PQA4X6y7a8u9Ua9FHmsrrmirW2vHs45hWg==",
            "requires": {
                "semver-compare": "^1.0.0"
            }
        },
        "safer-buffer": {
            "version": "2.1.2",
            "resolved": "https://registry.npmjs.org/safer-buffer/-/safer-buffer-2.1.2.tgz",
            "integrity": "sha512-YZo3K82SD7Riyi0E1EQPojLz7kpepnSQI9IyPbHHg1XXXevb5dJI7tpyN2ADxGcQbHG7vcyRHk0cbwqcQriUtg=="
        },
        "semver-compare": {
            "version": "1.0.0",
            "resolved": "https://registry.npmjs.org/semver-compare/-/semver-compare-1.0.0.tgz",
            "integrity": "sha1-De4hahyUGrN+nvsXiPavxf9VN/w="
        },
        "sql-query-generator": {
            "version": "1.4.2",
            "resolved": "https://registry.npmjs.org/sql-query-generator/-/sql-query-generator-1.4.2.tgz",
            "integrity": "sha512-Kc6MzWgZ+tjLtCrYFQXFLyvWQQsHsJhcNWdWYpHLyw6bBgzR/Yu42zhHRJhz3KtBMJwxIHMwTvvhQ/wYpBd2wA=="
        }
    }
}
