{
  "name": "NodeL2",
  "version": "1.0.0",
  "lockfileVersion": 1,
  "requires": true,
  "dependencies": {
    "egoroof-blowfish": {
      "version": "2.2.2",
      "resolved": "https://registry.npmjs.org/egoroof-blowfish/-/egoroof-blowfish-2.2.2.tgz",
      "integrity": "sha512-J2YRdTmgeebSiLB/WN2p5shat6eCnc7L/fM5SX9E8Yi0HGBWHcE6lQnHVCoXmkUflIwFU2j1/XcERYBdilMECA=="
    }
  }
}
